
Microsoft Visual Studio Solution File, Format Version 12.00
# Visual Studio Version 17
VisualStudioVersion = 17.1.32414.318
MinimumVisualStudioVersion = 10.0.40219.1
Project("{FAE04EC0-301F-11D3-BF4B-00C04F79EFBC}") = "OOP Assignment 1", "OOP Assignment 1.csproj", "{6B805BFC-C1FE-45F6-9EE3-E7035A4872C1}"
EndProject
Global
	GlobalSection(SolutionConfigurationPlatforms) = preSolution
		Debug|Any CPU = Debug|Any CPU
		Release|Any CPU = Release|Any CPU
	EndGlobalSection
	GlobalSection(ProjectConfigurationPlatforms) = postSolution
		{6B805BFC-C1FE-45F6-9EE3-E7035A4872C1}.Debug|Any CPU.ActiveCfg = Debug|Any CPU
		{6B805BFC-C1FE-45F6-9EE3-E7035A4872C1}.Debug|Any CPU.Build.0 = Debug|Any CPU
		{6B805BFC-C1FE-45F6-9EE3-E7035A4872C1}.Release|Any CPU.ActiveCfg = Release|Any CPU
		{6B805BFC-C1FE-45F6-9EE3-E7035A4872C1}.Release|Any CPU.Build.0 = Release|Any CPU
	EndGlobalSection
	GlobalSection(SolutionProperties) = preSolution
		HideSolutionNode = FALSE
	EndGlobalSection
	GlobalSection(ExtensibilityGlobals) = postSolution
		SolutionGuid = {BFA68663-7411-4569-9E3D-DAF8A66CF135}
	EndGlobalSection
EndGlobal
